// !$*UTF8*$!
{
	archiveVersion = 1;
	classes = {
	};
	objectVersion = 56;
	objects = {

/* Begin PBXBuildFile section */
		799C28E9FB82E137CD886AE3 /* Pods_LoginViewCode_curso.framework in Frameworks */ = {isa = PBXBuildFile; fileRef = 348D3822633D1085B6514EEC /* Pods_LoginViewCode_curso.framework */; };
		CA5B969D2B98D036005B5983 /* LoginScreen.swift in Sources */ = {isa = PBXBuildFile; fileRef = CA5B969C2B98D036005B5983 /* LoginScreen.swift */; };
		CA72521A2B974FB8001ADCCE /* AppDelegate.swift in Sources */ = {isa = PBXBuildFile; fileRef = CA7252192B974FB8001ADCCE /* AppDelegate.swift */; };
		CA72521C2B974FB8001ADCCE /* SceneDelegate.swift in Sources */ = {isa = PBXBuildFile; fileRef = CA72521B2B974FB8001ADCCE /* SceneDelegate.swift */; };
		CA72521E2B974FB8001ADCCE /* LoginViewController.swift in Sources */ = {isa = PBXBuildFile; fileRef = CA72521D2B974FB8001ADCCE /* LoginViewController.swift */; };
		CA7252232B974FBA001ADCCE /* Assets.xcassets in Resources */ = {isa = PBXBuildFile; fileRef = CA7252222B974FBA001ADCCE /* Assets.xcassets */; };
		CA7252262B974FBA001ADCCE /* LaunchScreen.storyboard in Resources */ = {isa = PBXBuildFile; fileRef = CA7252242B974FBA001ADCCE /* LaunchScreen.storyboard */; };
		CAA968602B9F2EE50086479E /* RegisterViewController.swift in Sources */ = {isa = PBXBuildFile; fileRef = CAA9685F2B9F2EE50086479E /* RegisterViewController.swift */; };
		CAA968622B9F2F1D0086479E /* RegisterScreen.swift in Sources */ = {isa = PBXBuildFile; fileRef = CAA968612B9F2F1D0086479E /* RegisterScreen.swift */; };
/* End PBXBuildFile section */

/* Begin PBXFileReference section */
		1653E1787FDB3F7D15A51196 /* Pods-LoginViewCode-curso.release.xcconfig */ = {isa = PBXFileReference; includeInIndex = 1; lastKnownFileType = text.xcconfig; name = "Pods-LoginViewCode-curso.release.xcconfig"; path = "Target Support Files/Pods-LoginViewCode-curso/Pods-LoginViewCode-curso.release.xcconfig"; sourceTree = "<group>"; };
		348D3822633D1085B6514EEC /* Pods_LoginViewCode_curso.framework */ = {isa = PBXFileReference; explicitFileType = wrapper.framework; includeInIndex = 0; path = Pods_LoginViewCode_curso.framework; sourceTree = BUILT_PRODUCTS_DIR; };
		B54DCEA528965939844452C9 /* Pods-LoginViewCode-curso.debug.xcconfig */ = {isa = PBXFileReference; includeInIndex = 1; lastKnownFileType = text.xcconfig; name = "Pods-LoginViewCode-curso.debug.xcconfig"; path = "Target Support Files/Pods-LoginViewCode-curso/Pods-LoginViewCode-curso.debug.xcconfig"; sourceTree = "<group>"; };
		CA5B969C2B98D036005B5983 /* LoginScreen.swift */ = {isa = PBXFileReference; lastKnownFileType = sourcecode.swift; path = LoginScreen.swift; sourceTree = "<group>"; };
		CA7252162B974FB8001ADCCE /* LoginViewCode-curso.app */ = {isa = PBXFileReference; explicitFileType = wrapper.application; includeInIndex = 0; path = "LoginViewCode-curso.app"; sourceTree = BUILT_PRODUCTS_DIR; };
		CA7252192B974FB8001ADCCE /* AppDelegate.swift */ = {isa = PBXFileReference; lastKnownFileType = sourcecode.swift; path = AppDelegate.swift; sourceTree = "<group>"; };
		CA72521B2B974FB8001ADCCE /* SceneDelegate.swift */ = {isa = PBXFileReference; lastKnownFileType = sourcecode.swift; path = SceneDelegate.swift; sourceTree = "<group>"; };
		CA72521D2B974FB8001ADCCE /* LoginViewController.swift */ = {isa = PBXFileReference; lastKnownFileType = sourcecode.swift; path = LoginViewController.swift; sourceTree = "<group>"; };
		CA7252222B974FBA001ADCCE /* Assets.xcassets */ = {isa = PBXFileReference; lastKnownFileType = folder.assetcatalog; path = Assets.xcassets; sourceTree = "<group>"; };
		CA7252252B974FBA001ADCCE /* Base */ = {isa = PBXFileReference; lastKnownFileType = file.storyboard; name = Base; path = Base.lproj/LaunchScreen.storyboard; sourceTree = "<group>"; };
		CA7252272B974FBA001ADCCE /* Info.plist */ = {isa = PBXFileReference; lastKnownFileType = text.plist.xml; path = Info.plist; sourceTree = "<group>"; };
		CAA9685F2B9F2EE50086479E /* RegisterViewController.swift */ = {isa = PBXFileReference; lastKnownFileType = sourcecode.swift; path = RegisterViewController.swift; sourceTree = "<group>"; };
		CAA968612B9F2F1D0086479E /* RegisterScreen.swift */ = {isa = PBXFileReference; lastKnownFileType = sourcecode.swift; path = RegisterScreen.swift; sourceTree = "<group>"; };
/* End PBXFileReference section */

/* Begin PBXFrameworksBuildPhase section */
		CA7252132B974FB8001ADCCE /* Frameworks */ = {
			isa = PBXFrameworksBuildPhase;
			buildActionMask = 2147483647;
			files = (
				799C28E9FB82E137CD886AE3 /* Pods_LoginViewCode_curso.framework in Frameworks */,
			);
			runOnlyForDeploymentPostprocessing = 0;
		};
/* End PBXFrameworksBuildPhase section */

/* Begin PBXGroup section */
		4E9A8BDFC30FB232939B7D92 /* Pods */ = {
			isa = PBXGroup;
			children = (
				B54DCEA528965939844452C9 /* Pods-LoginViewCode-curso.debug.xcconfig */,
				1653E1787FDB3F7D15A51196 /* Pods-LoginViewCode-curso.release.xcconfig */,
			);
			path = Pods;
			sourceTree = "<group>";
		};
		CA5B96992B98CF1C005B5983 /* Login */ = {
			isa = PBXGroup;
			children = (
				CA5B969B2B98CF32005B5983 /* Screen */,
				CA5B969A2B98CF27005B5983 /* ViewController */,
			);
			path = Login;
			sourceTree = "<group>";
		};
		CA5B969A2B98CF27005B5983 /* ViewController */ = {
			isa = PBXGroup;
			children = (
				CA72521D2B974FB8001ADCCE /* LoginViewController.swift */,
			);
			path = ViewController;
			sourceTree = "<group>";
		};
		CA5B969B2B98CF32005B5983 /* Screen */ = {
			isa = PBXGroup;
			children = (
				CA5B969C2B98D036005B5983 /* LoginScreen.swift */,
			);
			path = Screen;
			sourceTree = "<group>";
		};
		CA72520D2B974FB8001ADCCE = {
			isa = PBXGroup;
			children = (
				CA7252182B974FB8001ADCCE /* LoginViewCode-curso */,
				CA7252172B974FB8001ADCCE /* Products */,
				4E9A8BDFC30FB232939B7D92 /* Pods */,
				CB0B8E9847B0328CC6DC542F /* Frameworks */,
			);
			sourceTree = "<group>";
		};
		CA7252172B974FB8001ADCCE /* Products */ = {
			isa = PBXGroup;
			children = (
				CA7252162B974FB8001ADCCE /* LoginViewCode-curso.app */,
			);
			name = Products;
			sourceTree = "<group>";
		};
		CA7252182B974FB8001ADCCE /* LoginViewCode-curso */ = {
			isa = PBXGroup;
			children = (
				CAA9685C2B9F2E690086479E /* Register */,
				CA5B96992B98CF1C005B5983 /* Login */,
				CA7252192B974FB8001ADCCE /* AppDelegate.swift */,
				CA72521B2B974FB8001ADCCE /* SceneDelegate.swift */,
				CA7252222B974FBA001ADCCE /* Assets.xcassets */,
				CA7252242B974FBA001ADCCE /* LaunchScreen.storyboard */,
				CA7252272B974FBA001ADCCE /* Info.plist */,
			);
			path = "LoginViewCode-curso";
			sourceTree = "<group>";
		};
		CAA9685C2B9F2E690086479E /* Register */ = {
			isa = PBXGroup;
			children = (
				CAA9685D2B9F2E7B0086479E /* Screen */,
				CAA9685E2B9F2E840086479E /* ViewController */,
			);
			path = Register;
			sourceTree = "<group>";
		};
		CAA9685D2B9F2E7B0086479E /* Screen */ = {
			isa = PBXGroup;
			children = (
				CAA968612B9F2F1D0086479E /* RegisterScreen.swift */,
			);
			name = Screen;
			sourceTree = "<group>";
		};
		CAA9685E2B9F2E840086479E /* ViewController */ = {
			isa = PBXGroup;
			children = (
				CAA9685F2B9F2EE50086479E /* RegisterViewController.swift */,
			);
			path = ViewController;
			sourceTree = "<group>";
		};
		CB0B8E9847B0328CC6DC542F /* Frameworks */ = {
			isa = PBXGroup;
			children = (
				348D3822633D1085B6514EEC /* Pods_LoginViewCode_curso.framework */,
			);
			name = Frameworks;
			sourceTree = "<group>";
		};
/* End PBXGroup section */

/* Begin PBXNativeTarget section */
		CA7252152B974FB8001ADCCE /* LoginViewCode-curso */ = {
			isa = PBXNativeTarget;
			buildConfigurationList = CA72522A2B974FBA001ADCCE /* Build configuration list for PBXNativeTarget "LoginViewCode-curso" */;
			buildPhases = (
				4A2FE9BED2DC271E43A2241B /* [CP] Check Pods Manifest.lock */,
				CA7252122B974FB8001ADCCE /* Sources */,
				CA7252132B974FB8001ADCCE /* Frameworks */,
				CA7252142B974FB8001ADCCE /* Resources */,
				9266D41823759FAEC512C29A /* [CP] Embed Pods Frameworks */,
			);
			buildRules = (
			);
			dependencies = (
			);
			name = "LoginViewCode-curso";
			productName = "LoginViewCode-curso";
			productReference = CA7252162B974FB8001ADCCE /* LoginViewCode-curso.app */;
			productType = "com.apple.product-type.application";
		};
/* End PBXNativeTarget section */

/* Begin PBXProject section */
		CA72520E2B974FB8001ADCCE /* Project object */ = {
			isa = PBXProject;
			attributes = {
				BuildIndependentTargetsInParallel = 1;
				LastSwiftUpdateCheck = 1520;
				LastUpgradeCheck = 1520;
				TargetAttributes = {
					CA7252152B974FB8001ADCCE = {
						CreatedOnToolsVersion = 15.2;
					};
				};
			};
			buildConfigurationList = CA7252112B974FB8001ADCCE /* Build configuration list for PBXProject "LoginViewCode-curso" */;
			compatibilityVersion = "Xcode 14.0";
			developmentRegion = en;
			hasScannedForEncodings = 0;
			knownRegions = (
				en,
				Base,
			);
			mainGroup = CA72520D2B974FB8001ADCCE;
			productRefGroup = CA7252172B974FB8001ADCCE /* Products */;
			projectDirPath = "";
			projectRoot = "";
			targets = (
				CA7252152B974FB8001ADCCE /* LoginViewCode-curso */,
			);
		};
/* End PBXProject section */

/* Begin PBXResourcesBuildPhase section */
		CA7252142B974FB8001ADCCE /* Resources */ = {
			isa = PBXResourcesBuildPhase;
			buildActionMask = 2147483647;
			files = (
				CA7252262B974FBA001ADCCE /* LaunchScreen.storyboard in Resources */,
				CA7252232B974FBA001ADCCE /* Assets.xcassets in Resources */,
			);
			runOnlyForDeploymentPostprocessing = 0;
		};
/* End PBXResourcesBuildPhase section */

/* Begin PBXShellScriptBuildPhase section */
		4A2FE9BED2DC271E43A2241B /* [CP] Check Pods Manifest.lock */ = {
			isa = PBXShellScriptBuildPhase;
			buildActionMask = 2147483647;
			files = (
			);
			inputFileListPaths = (
			);
			inputPaths = (
				"${PODS_PODFILE_DIR_PATH}/Podfile.lock",
				"${PODS_ROOT}/Manifest.lock",
			);
			name = "[CP] Check Pods Manifest.lock";
			outputFileListPaths = (
			);
			outputPaths = (
				"$(DERIVED_FILE_DIR)/Pods-LoginViewCode-curso-checkManifestLockResult.txt",
			);
			runOnlyForDeploymentPostprocessing = 0;
			shellPath = /bin/sh;
			shellScript = "diff \"${PODS_PODFILE_DIR_PATH}/Podfile.lock\" \"${PODS_ROOT}/Manifest.lock\" > /dev/null\nif [ $? != 0 ] ; then\n    # print error to STDERR\n    echo \"error: The sandbox is not in sync with the Podfile.lock. Run 'pod install' or update your CocoaPods installation.\" >&2\n    exit 1\nfi\n# This output is used by Xcode 'outputs' to avoid re-running this script phase.\necho \"SUCCESS\" > \"${SCRIPT_OUTPUT_FILE_0}\"\n";
			showEnvVarsInLog = 0;
		};
		9266D41823759FAEC512C29A /* [CP] Embed Pods Frameworks */ = {
			isa = PBXShellScriptBuildPhase;
			buildActionMask = 2147483647;
			files = (
			);
			inputFileListPaths = (
				"${PODS_ROOT}/Target Support Files/Pods-LoginViewCode-curso/Pods-LoginViewCode-curso-frameworks-${CONFIGURATION}-input-files.xcfilelist",
			);
			name = "[CP] Embed Pods Frameworks";
			outputFileListPaths = (
				"${PODS_ROOT}/Target Support Files/Pods-LoginViewCode-curso/Pods-LoginViewCode-curso-frameworks-${CONFIGURATION}-output-files.xcfilelist",
			);
			runOnlyForDeploymentPostprocessing = 0;
			shellPath = /bin/sh;
			shellScript = "\"${PODS_ROOT}/Target Support Files/Pods-LoginViewCode-curso/Pods-LoginViewCode-curso-frameworks.sh\"\n";
			showEnvVarsInLog = 0;
		};
/* End PBXShellScriptBuildPhase section */

/* Begin PBXSourcesBuildPhase section */
		CA7252122B974FB8001ADCCE /* Sources */ = {
			isa = PBXSourcesBuildPhase;
			buildActionMask = 2147483647;
			files = (
				CAA968622B9F2F1D0086479E /* RegisterScreen.swift in Sources */,
				CA72521E2B974FB8001ADCCE /* LoginViewController.swift in Sources */,
				CAA968602B9F2EE50086479E /* RegisterViewController.swift in Sources */,
				CA5B969D2B98D036005B5983 /* LoginScreen.swift in Sources */,
				CA72521A2B974FB8001ADCCE /* AppDelegate.swift in Sources */,
				CA72521C2B974FB8001ADCCE /* SceneDelegate.swift in Sources */,
			);
			runOnlyForDeploymentPostprocessing = 0;
		};
/* End PBXSourcesBuildPhase section */

/* Begin PBXVariantGroup section */
		CA7252242B974FBA001ADCCE /* LaunchScreen.storyboard */ = {
			isa = PBXVariantGroup;
			children = (
				CA7252252B974FBA001ADCCE /* Base */,
			);
			name = LaunchScreen.storyboard;
			sourceTree = "<group>";
		};
/* End PBXVariantGroup section */

/* Begin XCBuildConfiguration section */
		CA7252282B974FBA001ADCCE /* Debug */ = {
			isa = XCBuildConfiguration;
			buildSettings = {
				ALWAYS_SEARCH_USER_PATHS = NO;
				ASSETCATALOG_COMPILER_GENERATE_SWIFT_ASSET_SYMBOL_EXTENSIONS = YES;
				CLANG_ANALYZER_NONNULL = YES;
				CLANG_ANALYZER_NUMBER_OBJECT_CONVERSION = YES_AGGRESSIVE;
				CLANG_CXX_LANGUAGE_STANDARD = "gnu++20";
				CLANG_ENABLE_MODULES = YES;
				CLANG_ENABLE_OBJC_ARC = YES;
				CLANG_ENABLE_OBJC_WEAK = YES;
				CLANG_WARN_BLOCK_CAPTURE_AUTORELEASING = YES;
				CLANG_WARN_BOOL_CONVERSION = YES;
				CLANG_WARN_COMMA = YES;
				CLANG_WARN_CONSTANT_CONVERSION = YES;
				CLANG_WARN_DEPRECATED_OBJC_IMPLEMENTATIONS = YES;
				CLANG_WARN_DIRECT_OBJC_ISA_USAGE = YES_ERROR;
				CLANG_WARN_DOCUMENTATION_COMMENTS = YES;
				CLANG_WARN_EMPTY_BODY = YES;
				CLANG_WARN_ENUM_CONVERSION = YES;
				CLANG_WARN_INFINITE_RECURSION = YES;
				CLANG_WARN_INT_CONVERSION = YES;
				CLANG_WARN_NON_LITERAL_NULL_CONVERSION = YES;
				CLANG_WARN_OBJC_IMPLICIT_RETAIN_SELF = YES;
				CLANG_WARN_OBJC_LITERAL_CONVERSION = YES;
				CLANG_WARN_OBJC_ROOT_CLASS = YES_ERROR;
				CLANG_WARN_QUOTED_INCLUDE_IN_FRAMEWORK_HEADER = YES;
				CLANG_WARN_RANGE_LOOP_ANALYSIS = YES;
				CLANG_WARN_STRICT_PROTOTYPES = YES;
				CLANG_WARN_SUSPICIOUS_MOVE = YES;
				CLANG_WARN_UNGUARDED_AVAILABILITY = YES_AGGRESSIVE;
				CLANG_WARN_UNREACHABLE_CODE = YES;
				CLANG_WARN__DUPLICATE_METHOD_MATCH = YES;
				COPY_PHASE_STRIP = NO;
				DEBUG_INFORMATION_FORMAT = dwarf;
				ENABLE_STRICT_OBJC_MSGSEND = YES;
				ENABLE_TESTABILITY = YES;
				ENABLE_USER_SCRIPT_SANDBOXING = YES;
				GCC_C_LANGUAGE_STANDARD = gnu17;
				GCC_DYNAMIC_NO_PIC = NO;
				GCC_NO_COMMON_BLOCKS = YES;
				GCC_OPTIMIZATION_LEVEL = 0;
				GCC_PREPROCESSOR_DEFINITIONS = (
					"DEBUG=1",
					"$(inherited)",
				);
				GCC_WARN_64_TO_32_BIT_CONVERSION = YES;
				GCC_WARN_ABOUT_RETURN_TYPE = YES_ERROR;
				GCC_WARN_UNDECLARED_SELECTOR = YES;
				GCC_WARN_UNINITIALIZED_AUTOS = YES_AGGRESSIVE;
				GCC_WARN_UNUSED_FUNCTION = YES;
				GCC_WARN_UNUSED_VARIABLE = YES;
				IPHONEOS_DEPLOYMENT_TARGET = 17.2;
				LOCALIZATION_PREFERS_STRING_CATALOGS = YES;
				MTL_ENABLE_DEBUG_INFO = INCLUDE_SOURCE;
				MTL_FAST_MATH = YES;
				ONLY_ACTIVE_ARCH = YES;
				SDKROOT = iphoneos;
				SWIFT_ACTIVE_COMPILATION_CONDITIONS = "DEBUG $(inherited)";
				SWIFT_OPTIMIZATION_LEVEL = "-Onone";
			};
			name = Debug;
		};
		CA7252292B974FBA001ADCCE /* Release */ = {
			isa = XCBuildConfiguration;
			buildSettings = {
				ALWAYS_SEARCH_USER_PATHS = NO;
				ASSETCATALOG_COMPILER_GENERATE_SWIFT_ASSET_SYMBOL_EXTENSIONS = YES;
				CLANG_ANALYZER_NONNULL = YES;
				CLANG_ANALYZER_NUMBER_OBJECT_CONVERSION = YES_AGGRESSIVE;
				CLANG_CXX_LANGUAGE_STANDARD = "gnu++20";
				CLANG_ENABLE_MODULES = YES;
				CLANG_ENABLE_OBJC_ARC = YES;
				CLANG_ENABLE_OBJC_WEAK = YES;
				CLANG_WARN_BLOCK_CAPTURE_AUTORELEASING = YES;
				CLANG_WARN_BOOL_CONVERSION = YES;
				CLANG_WARN_COMMA = YES;
				CLANG_WARN_CONSTANT_CONVERSION = YES;
				CLANG_WARN_DEPRECATED_OBJC_IMPLEMENTATIONS = YES;
				CLANG_WARN_DIRECT_OBJC_ISA_USAGE = YES_ERROR;
				CLANG_WARN_DOCUMENTATION_COMMENTS = YES;
				CLANG_WARN_EMPTY_BODY = YES;
				CLANG_WARN_ENUM_CONVERSION = YES;
				CLANG_WARN_INFINITE_RECURSION = YES;
				CLANG_WARN_INT_CONVERSION = YES;
				CLANG_WARN_NON_LITERAL_NULL_CONVERSION = YES;
				CLANG_WARN_OBJC_IMPLICIT_RETAIN_SELF = YES;
				CLANG_WARN_OBJC_LITERAL_CONVERSION = YES;
				CLANG_WARN_OBJC_ROOT_CLASS = YES_ERROR;
				CLANG_WARN_QUOTED_INCLUDE_IN_FRAMEWORK_HEADER = YES;
				CLANG_WARN_RANGE_LOOP_ANALYSIS = YES;
				CLANG_WARN_STRICT_PROTOTYPES = YES;
				CLANG_WARN_SUSPICIOUS_MOVE = YES;
				CLANG_WARN_UNGUARDED_AVAILABILITY = YES_AGGRESSIVE;
				CLANG_WARN_UNREACHABLE_CODE = YES;
				CLANG_WARN__DUPLICATE_METHOD_MATCH = YES;
				COPY_PHASE_STRIP = NO;
				DEBUG_INFORMATION_FORMAT = "dwarf-with-dsym";
				ENABLE_NS_ASSERTIONS = NO;
				ENABLE_STRICT_OBJC_MSGSEND = YES;
				ENABLE_USER_SCRIPT_SANDBOXING = YES;
				GCC_C_LANGUAGE_STANDARD = gnu17;
				GCC_NO_COMMON_BLOCKS = YES;
				GCC_WARN_64_TO_32_BIT_CONVERSION = YES;
				GCC_WARN_ABOUT_RETURN_TYPE = YES_ERROR;
				GCC_WARN_UNDECLARED_SELECTOR = YES;
				GCC_WARN_UNINITIALIZED_AUTOS = YES_AGGRESSIVE;
				GCC_WARN_UNUSED_FUNCTION = YES;
				GCC_WARN_UNUSED_VARIABLE = YES;
				IPHONEOS_DEPLOYMENT_TARGET = 17.2;
				LOCALIZATION_PREFERS_STRING_CATALOGS = YES;
				MTL_ENABLE_DEBUG_INFO = NO;
				MTL_FAST_MATH = YES;
				SDKROOT = iphoneos;
				SWIFT_COMPILATION_MODE = wholemodule;
				VALIDATE_PRODUCT = YES;
			};
			name = Release;
		};
		CA72522B2B974FBA001ADCCE /* Debug */ = {
			isa = XCBuildConfiguration;
			baseConfigurationReference = B54DCEA528965939844452C9 /* Pods-LoginViewCode-curso.debug.xcconfig */;
			buildSettings = {
				ASSETCATALOG_COMPILER_APPICON_NAME = AppIcon;
				ASSETCATALOG_COMPILER_GLOBAL_ACCENT_COLOR_NAME = AccentColor;
				CODE_SIGN_STYLE = Automatic;
				CURRENT_PROJECT_VERSION = 1;
				DEVELOPMENT_TEAM = PVS74PN984;
				ENABLE_USER_SCRIPT_SANDBOXING = NO;
				GENERATE_INFOPLIST_FILE = YES;
				INFOPLIST_FILE = "LoginViewCode-curso/Info.plist";
				INFOPLIST_KEY_UIApplicationSupportsIndirectInputEvents = YES;
				INFOPLIST_KEY_UILaunchStoryboardName = LaunchScreen;
				INFOPLIST_KEY_UIMainStoryboardFile = "";
				INFOPLIST_KEY_UISupportedInterfaceOrientations_iPad = "UIInterfaceOrientationPortrait UIInterfaceOrientationPortraitUpsideDown UIInterfaceOrientationLandscapeLeft UIInterfaceOrientationLandscapeRight";
				INFOPLIST_KEY_UISupportedInterfaceOrientations_iPhone = "UIInterfaceOrientationPortrait UIInterfaceOrientationLandscapeLeft UIInterfaceOrientationLandscapeRight";
				LD_RUNPATH_SEARCH_PATHS = (
					"$(inherited)",
					"@executable_path/Frameworks",
				);
				MARKETING_VERSION = 1.0;
				PRODUCT_BUNDLE_IDENTIFIER = "com.example.LoginViewCode-curso";
				PRODUCT_NAME = "$(TARGET_NAME)";
				SWIFT_EMIT_LOC_STRINGS = YES;
				SWIFT_VERSION = 5.0;
				TARGETED_DEVICE_FAMILY = "1,2";
			};
			name = Debug;
		};
		CA72522C2B974FBA001ADCCE /* Release */ = {
			isa = XCBuildConfiguration;
			baseConfigurationReference = 1653E1787FDB3F7D15A51196 /* Pods-LoginViewCode-curso.release.xcconfig */;
			buildSettings = {
				ASSETCATALOG_COMPILER_APPICON_NAME = AppIcon;
				ASSETCATALOG_COMPILER_GLOBAL_ACCENT_COLOR_NAME = AccentColor;
				CODE_SIGN_STYLE = Automatic;
				CURRENT_PROJECT_VERSION = 1;
				DEVELOPMENT_TEAM = PVS74PN984;
				ENABLE_USER_SCRIPT_SANDBOXING = NO;
				GENERATE_INFOPLIST_FILE = YES;
				INFOPLIST_FILE = "LoginViewCode-curso/Info.plist";
				INFOPLIST_KEY_UIApplicationSupportsIndirectInputEvents = YES;
				INFOPLIST_KEY_UILaunchStoryboardName = LaunchScreen;
				INFOPLIST_KEY_UIMainStoryboardFile = "";
				INFOPLIST_KEY_UISupportedInterfaceOrientations_iPad = "UIInterfaceOrientationPortrait UIInterfaceOrientationPortraitUpsideDown UIInterfaceOrientationLandscapeLeft UIInterfaceOrientationLandscapeRight";
				INFOPLIST_KEY_UISupportedInterfaceOrientations_iPhone = "UIInterfaceOrientationPortrait UIInterfaceOrientationLandscapeLeft UIInterfaceOrientationLandscapeRight";
				LD_RUNPATH_SEARCH_PATHS = (
					"$(inherited)",
					"@executable_path/Frameworks",
				);
				MARKETING_VERSION = 1.0;
				PRODUCT_BUNDLE_IDENTIFIER = "com.example.LoginViewCode-curso";
				PRODUCT_NAME = "$(TARGET_NAME)";
				SWIFT_EMIT_LOC_STRINGS = YES;
				SWIFT_VERSION = 5.0;
				TARGETED_DEVICE_FAMILY = "1,2";
			};
			name = Release;
		};
/* End XCBuildConfiguration section */

/* Begin XCConfigurationList section */
		CA7252112B974FB8001ADCCE /* Build configuration list for PBXProject "LoginViewCode-curso" */ = {
			isa = XCConfigurationList;
			buildConfigurations = (
				CA7252282B974FBA001ADCCE /* Debug */,
				CA7252292B974FBA001ADCCE /* Release */,
			);
			defaultConfigurationIsVisible = 0;
			defaultConfigurationName = Release;
		};
		CA72522A2B974FBA001ADCCE /* Build configuration list for PBXNativeTarget "LoginViewCode-curso" */ = {
			isa = XCConfigurationList;
			buildConfigurations = (
				CA72522B2B974FBA001ADCCE /* Debug */,
				CA72522C2B974FBA001ADCCE /* Release */,
			);
			defaultConfigurationIsVisible = 0;
			defaultConfigurationName = Release;
		};
/* End XCConfigurationList section */
	};
	rootObject = CA72520E2B974FB8001ADCCE /* Project object */;
}
