// !$*UTF8*$!
{
	archiveVersion = 1;
	classes = {
	};
	objectVersion = 56;
	objects = {

/* Begin PBXBuildFile section */
		C07DAB0E85C58484170DA611 /* Pods_MessageCursoViewCode.framework in Frameworks */ = {isa = PBXBuildFile; fileRef = 99BE10B21882CB29C18546DC /* Pods_MessageCursoViewCode.framework */; };
		CA14BCA62BB3012900299BE8 /* GoogleService-Info.plist in Resources */ = {isa = PBXBuildFile; fileRef = CA14BCA52BB3012800299BE8 /* GoogleService-Info.plist */; };
		CA49118C2BB478DE006C4A83 /* Extension+UIView.swift in Sources */ = {isa = PBXBuildFile; fileRef = CA49118B2BB478DE006C4A83 /* Extension+UIView.swift */; };
		CA49118E2BB4797F006C4A83 /* Custom.swift in Sources */ = {isa = PBXBuildFile; fileRef = CA49118D2BB4797F006C4A83 /* Custom.swift */; };
		CA4911902BB47AFD006C4A83 /* Extension+Button.swift in Sources */ = {isa = PBXBuildFile; fileRef = CA49118F2BB47AFD006C4A83 /* Extension+Button.swift */; };
		CA4911922BB47BED006C4A83 /* Extension+String.swift in Sources */ = {isa = PBXBuildFile; fileRef = CA4911912BB47BED006C4A83 /* Extension+String.swift */; };
		CA4911972BB47DBB006C4A83 /* Poppins-Bold.ttf in Resources */ = {isa = PBXBuildFile; fileRef = CA4911942BB47DBB006C4A83 /* Poppins-Bold.ttf */; };
		CA4911982BB47DBB006C4A83 /* Poppins-Medium.ttf in Resources */ = {isa = PBXBuildFile; fileRef = CA4911952BB47DBB006C4A83 /* Poppins-Medium.ttf */; };
		CA4911992BB47DBB006C4A83 /* Poppins-SemiBold.ttf in Resources */ = {isa = PBXBuildFile; fileRef = CA4911962BB47DBB006C4A83 /* Poppins-SemiBold.ttf */; };
		CA49119D2BB4894C006C4A83 /* HomeViewController.swift in Sources */ = {isa = PBXBuildFile; fileRef = CA49119C2BB4894C006C4A83 /* HomeViewController.swift */; };
		CA4911A02BB48C89006C4A83 /* HomeScreen.swift in Sources */ = {isa = PBXBuildFile; fileRef = CA49119F2BB48C89006C4A83 /* HomeScreen.swift */; };
		CA4911A32BB48D2F006C4A83 /* NavView.swift in Sources */ = {isa = PBXBuildFile; fileRef = CA4911A22BB48D2F006C4A83 /* NavView.swift */; };
		CAE284C82BB2F09400A5D57C /* AppDelegate.swift in Sources */ = {isa = PBXBuildFile; fileRef = CAE284C72BB2F09400A5D57C /* AppDelegate.swift */; };
		CAE284CA2BB2F09400A5D57C /* SceneDelegate.swift in Sources */ = {isa = PBXBuildFile; fileRef = CAE284C92BB2F09400A5D57C /* SceneDelegate.swift */; };
		CAE284D12BB2F09500A5D57C /* Assets.xcassets in Resources */ = {isa = PBXBuildFile; fileRef = CAE284D02BB2F09500A5D57C /* Assets.xcassets */; };
		CAE284D42BB2F09500A5D57C /* LaunchScreen.storyboard in Resources */ = {isa = PBXBuildFile; fileRef = CAE284D22BB2F09500A5D57C /* LaunchScreen.storyboard */; };
		CAE284E42BB2F0D300A5D57C /* LoginScreen.swift in Sources */ = {isa = PBXBuildFile; fileRef = CAE284DD2BB2F0D300A5D57C /* LoginScreen.swift */; };
		CAE284E52BB2F0D300A5D57C /* LoginViewController.swift in Sources */ = {isa = PBXBuildFile; fileRef = CAE284DF2BB2F0D300A5D57C /* LoginViewController.swift */; };
		CAE284E62BB2F0D300A5D57C /* RegisterScreen.swift in Sources */ = {isa = PBXBuildFile; fileRef = CAE284E12BB2F0D300A5D57C /* RegisterScreen.swift */; };
		CAE284E72BB2F0D300A5D57C /* RegisterViewController.swift in Sources */ = {isa = PBXBuildFile; fileRef = CAE284E32BB2F0D300A5D57C /* RegisterViewController.swift */; };
		CAE284EA2BB2F23500A5D57C /* Alert.swift in Sources */ = {isa = PBXBuildFile; fileRef = CAE284E92BB2F23500A5D57C /* Alert.swift */; };
/* End PBXBuildFile section */

/* Begin PBXFileReference section */
		31B39C58E7EB2B183334113C /* Pods-MessageCursoViewCode.release.xcconfig */ = {isa = PBXFileReference; includeInIndex = 1; lastKnownFileType = text.xcconfig; name = "Pods-MessageCursoViewCode.release.xcconfig"; path = "Target Support Files/Pods-MessageCursoViewCode/Pods-MessageCursoViewCode.release.xcconfig"; sourceTree = "<group>"; };
		99BE10B21882CB29C18546DC /* Pods_MessageCursoViewCode.framework */ = {isa = PBXFileReference; explicitFileType = wrapper.framework; includeInIndex = 0; path = Pods_MessageCursoViewCode.framework; sourceTree = BUILT_PRODUCTS_DIR; };
		CA14BCA52BB3012800299BE8 /* GoogleService-Info.plist */ = {isa = PBXFileReference; fileEncoding = 4; lastKnownFileType = text.plist.xml; path = "GoogleService-Info.plist"; sourceTree = "<group>"; };
		CA49118B2BB478DE006C4A83 /* Extension+UIView.swift */ = {isa = PBXFileReference; lastKnownFileType = sourcecode.swift; path = "Extension+UIView.swift"; sourceTree = "<group>"; };
		CA49118D2BB4797F006C4A83 /* Custom.swift */ = {isa = PBXFileReference; lastKnownFileType = sourcecode.swift; path = Custom.swift; sourceTree = "<group>"; };
		CA49118F2BB47AFD006C4A83 /* Extension+Button.swift */ = {isa = PBXFileReference; lastKnownFileType = sourcecode.swift; path = "Extension+Button.swift"; sourceTree = "<group>"; };
		CA4911912BB47BED006C4A83 /* Extension+String.swift */ = {isa = PBXFileReference; lastKnownFileType = sourcecode.swift; path = "Extension+String.swift"; sourceTree = "<group>"; };
		CA4911942BB47DBB006C4A83 /* Poppins-Bold.ttf */ = {isa = PBXFileReference; lastKnownFileType = file; path = "Poppins-Bold.ttf"; sourceTree = "<group>"; };
		CA4911952BB47DBB006C4A83 /* Poppins-Medium.ttf */ = {isa = PBXFileReference; lastKnownFileType = file; path = "Poppins-Medium.ttf"; sourceTree = "<group>"; };
		CA4911962BB47DBB006C4A83 /* Poppins-SemiBold.ttf */ = {isa = PBXFileReference; lastKnownFileType = file; path = "Poppins-SemiBold.ttf"; sourceTree = "<group>"; };
		CA49119C2BB4894C006C4A83 /* HomeViewController.swift */ = {isa = PBXFileReference; lastKnownFileType = sourcecode.swift; path = HomeViewController.swift; sourceTree = "<group>"; };
		CA49119F2BB48C89006C4A83 /* HomeScreen.swift */ = {isa = PBXFileReference; lastKnownFileType = sourcecode.swift; path = HomeScreen.swift; sourceTree = "<group>"; };
		CA4911A22BB48D2F006C4A83 /* NavView.swift */ = {isa = PBXFileReference; lastKnownFileType = sourcecode.swift; path = NavView.swift; sourceTree = "<group>"; };
		CAE284C42BB2F09400A5D57C /* MessageCursoViewCode.app */ = {isa = PBXFileReference; explicitFileType = wrapper.application; includeInIndex = 0; path = MessageCursoViewCode.app; sourceTree = BUILT_PRODUCTS_DIR; };
		CAE284C72BB2F09400A5D57C /* AppDelegate.swift */ = {isa = PBXFileReference; lastKnownFileType = sourcecode.swift; path = AppDelegate.swift; sourceTree = "<group>"; };
		CAE284C92BB2F09400A5D57C /* SceneDelegate.swift */ = {isa = PBXFileReference; lastKnownFileType = sourcecode.swift; path = SceneDelegate.swift; sourceTree = "<group>"; };
		CAE284D02BB2F09500A5D57C /* Assets.xcassets */ = {isa = PBXFileReference; lastKnownFileType = folder.assetcatalog; path = Assets.xcassets; sourceTree = "<group>"; };
		CAE284D32BB2F09500A5D57C /* Base */ = {isa = PBXFileReference; lastKnownFileType = file.storyboard; name = Base; path = Base.lproj/LaunchScreen.storyboard; sourceTree = "<group>"; };
		CAE284D52BB2F09500A5D57C /* Info.plist */ = {isa = PBXFileReference; lastKnownFileType = text.plist.xml; path = Info.plist; sourceTree = "<group>"; };
		CAE284DD2BB2F0D300A5D57C /* LoginScreen.swift */ = {isa = PBXFileReference; fileEncoding = 4; lastKnownFileType = sourcecode.swift; path = LoginScreen.swift; sourceTree = "<group>"; };
		CAE284DF2BB2F0D300A5D57C /* LoginViewController.swift */ = {isa = PBXFileReference; fileEncoding = 4; lastKnownFileType = sourcecode.swift; path = LoginViewController.swift; sourceTree = "<group>"; };
		CAE284E12BB2F0D300A5D57C /* RegisterScreen.swift */ = {isa = PBXFileReference; fileEncoding = 4; lastKnownFileType = sourcecode.swift; path = RegisterScreen.swift; sourceTree = "<group>"; };
		CAE284E32BB2F0D300A5D57C /* RegisterViewController.swift */ = {isa = PBXFileReference; fileEncoding = 4; lastKnownFileType = sourcecode.swift; path = RegisterViewController.swift; sourceTree = "<group>"; };
		CAE284E92BB2F23500A5D57C /* Alert.swift */ = {isa = PBXFileReference; fileEncoding = 4; lastKnownFileType = sourcecode.swift; path = Alert.swift; sourceTree = "<group>"; };
		F2BE6CFCFF0423CDA0B7680F /* Pods-MessageCursoViewCode.debug.xcconfig */ = {isa = PBXFileReference; includeInIndex = 1; lastKnownFileType = text.xcconfig; name = "Pods-MessageCursoViewCode.debug.xcconfig"; path = "Target Support Files/Pods-MessageCursoViewCode/Pods-MessageCursoViewCode.debug.xcconfig"; sourceTree = "<group>"; };
/* End PBXFileReference section */

/* Begin PBXFrameworksBuildPhase section */
		CAE284C12BB2F09400A5D57C /* Frameworks */ = {
			isa = PBXFrameworksBuildPhase;
			buildActionMask = 2147483647;
			files = (
				C07DAB0E85C58484170DA611 /* Pods_MessageCursoViewCode.framework in Frameworks */,
			);
			runOnlyForDeploymentPostprocessing = 0;
		};
/* End PBXFrameworksBuildPhase section */

/* Begin PBXGroup section */
		02C42276E7E6DD6D00051D63 /* Frameworks */ = {
			isa = PBXGroup;
			children = (
				99BE10B21882CB29C18546DC /* Pods_MessageCursoViewCode.framework */,
			);
			name = Frameworks;
			sourceTree = "<group>";
		};
		6D62395B165F1FDECBE20E57 /* Pods */ = {
			isa = PBXGroup;
			children = (
				F2BE6CFCFF0423CDA0B7680F /* Pods-MessageCursoViewCode.debug.xcconfig */,
				31B39C58E7EB2B183334113C /* Pods-MessageCursoViewCode.release.xcconfig */,
			);
			path = Pods;
			sourceTree = "<group>";
		};
		CA49118A2BB478C4006C4A83 /* Utils */ = {
			isa = PBXGroup;
			children = (
				CA49118B2BB478DE006C4A83 /* Extension+UIView.swift */,
				CA49118D2BB4797F006C4A83 /* Custom.swift */,
				CA49118F2BB47AFD006C4A83 /* Extension+Button.swift */,
				CA4911912BB47BED006C4A83 /* Extension+String.swift */,
				CA4911932BB47CF1006C4A83 /* Fonts */,
				CA49119A2BB47E82006C4A83 /* Sound */,
			);
			path = Utils;
			sourceTree = "<group>";
		};
		CA4911932BB47CF1006C4A83 /* Fonts */ = {
			isa = PBXGroup;
			children = (
				CA4911942BB47DBB006C4A83 /* Poppins-Bold.ttf */,
				CA4911952BB47DBB006C4A83 /* Poppins-Medium.ttf */,
				CA4911962BB47DBB006C4A83 /* Poppins-SemiBold.ttf */,
			);
			name = Fonts;
			sourceTree = "<group>";
		};
		CA49119A2BB47E82006C4A83 /* Sound */ = {
			isa = PBXGroup;
			children = (
			);
			name = Sound;
			sourceTree = "<group>";
		};
		CA49119B2BB48924006C4A83 /* Home */ = {
			isa = PBXGroup;
			children = (
				CA4911A12BB48D0D006C4A83 /* NavView */,
				CA49119E2BB48C67006C4A83 /* Screen */,
				CA49119C2BB4894C006C4A83 /* HomeViewController.swift */,
			);
			path = Home;
			sourceTree = "<group>";
		};
		CA49119E2BB48C67006C4A83 /* Screen */ = {
			isa = PBXGroup;
			children = (
				CA49119F2BB48C89006C4A83 /* HomeScreen.swift */,
			);
			path = Screen;
			sourceTree = "<group>";
		};
		CA4911A12BB48D0D006C4A83 /* NavView */ = {
			isa = PBXGroup;
			children = (
				CA4911A22BB48D2F006C4A83 /* NavView.swift */,
			);
			path = NavView;
			sourceTree = "<group>";
		};
		CAE284BB2BB2F09400A5D57C = {
			isa = PBXGroup;
			children = (
				CAE284C62BB2F09400A5D57C /* MessageCursoViewCode */,
				CAE284C52BB2F09400A5D57C /* Products */,
				6D62395B165F1FDECBE20E57 /* Pods */,
				02C42276E7E6DD6D00051D63 /* Frameworks */,
			);
			sourceTree = "<group>";
		};
		CAE284C52BB2F09400A5D57C /* Products */ = {
			isa = PBXGroup;
			children = (
				CAE284C42BB2F09400A5D57C /* MessageCursoViewCode.app */,
			);
			name = Products;
			sourceTree = "<group>";
		};
		CAE284C62BB2F09400A5D57C /* MessageCursoViewCode */ = {
			isa = PBXGroup;
			children = (
				CA49118A2BB478C4006C4A83 /* Utils */,
				CAE284E82BB2F23500A5D57C /* Alert */,
				CAE284DB2BB2F0D300A5D57C /* Login */,
				CA49119B2BB48924006C4A83 /* Home */,
				CAE284E02BB2F0D300A5D57C /* Register */,
				CAE284C72BB2F09400A5D57C /* AppDelegate.swift */,
				CAE284C92BB2F09400A5D57C /* SceneDelegate.swift */,
				CAE284D02BB2F09500A5D57C /* Assets.xcassets */,
				CAE284D22BB2F09500A5D57C /* LaunchScreen.storyboard */,
				CA14BCA52BB3012800299BE8 /* GoogleService-Info.plist */,
				CAE284D52BB2F09500A5D57C /* Info.plist */,
			);
			path = MessageCursoViewCode;
			sourceTree = "<group>";
		};
		CAE284DB2BB2F0D300A5D57C /* Login */ = {
			isa = PBXGroup;
			children = (
				CAE284DC2BB2F0D300A5D57C /* Screen */,
				CAE284DE2BB2F0D300A5D57C /* ViewController */,
			);
			name = Login;
			path = "../../LoginViewCode-curso/LoginViewCode-curso/Login";
			sourceTree = "<group>";
		};
		CAE284DC2BB2F0D300A5D57C /* Screen */ = {
			isa = PBXGroup;
			children = (
				CAE284DD2BB2F0D300A5D57C /* LoginScreen.swift */,
			);
			path = Screen;
			sourceTree = "<group>";
		};
		CAE284DE2BB2F0D300A5D57C /* ViewController */ = {
			isa = PBXGroup;
			children = (
				CAE284DF2BB2F0D300A5D57C /* LoginViewController.swift */,
			);
			path = ViewController;
			sourceTree = "<group>";
		};
		CAE284E02BB2F0D300A5D57C /* Register */ = {
			isa = PBXGroup;
			children = (
				CAE284E12BB2F0D300A5D57C /* RegisterScreen.swift */,
				CAE284E22BB2F0D300A5D57C /* ViewController */,
			);
			name = Register;
			path = "../../LoginViewCode-curso/LoginViewCode-curso/Register";
			sourceTree = "<group>";
		};
		CAE284E22BB2F0D300A5D57C /* ViewController */ = {
			isa = PBXGroup;
			children = (
				CAE284E32BB2F0D300A5D57C /* RegisterViewController.swift */,
			);
			path = ViewController;
			sourceTree = "<group>";
		};
		CAE284E82BB2F23500A5D57C /* Alert */ = {
			isa = PBXGroup;
			children = (
				CAE284E92BB2F23500A5D57C /* Alert.swift */,
			);
			name = Alert;
			path = "../../LoginViewCode-curso/LoginViewCode-curso/Alert";
			sourceTree = "<group>";
		};
/* End PBXGroup section */

/* Begin PBXNativeTarget section */
		CAE284C32BB2F09400A5D57C /* MessageCursoViewCode */ = {
			isa = PBXNativeTarget;
			buildConfigurationList = CAE284D82BB2F09500A5D57C /* Build configuration list for PBXNativeTarget "MessageCursoViewCode" */;
			buildPhases = (
				6B22121E2EF202535DD1C095 /* [CP] Check Pods Manifest.lock */,
				CAE284C02BB2F09400A5D57C /* Sources */,
				CAE284C12BB2F09400A5D57C /* Frameworks */,
				CAE284C22BB2F09400A5D57C /* Resources */,
				97C7EFFA4FF1F5948217168C /* [CP] Embed Pods Frameworks */,
			);
			buildRules = (
			);
			dependencies = (
			);
			name = MessageCursoViewCode;
			productName = MessageCursoViewCode;
			productReference = CAE284C42BB2F09400A5D57C /* MessageCursoViewCode.app */;
			productType = "com.apple.product-type.application";
		};
/* End PBXNativeTarget section */

/* Begin PBXProject section */
		CAE284BC2BB2F09400A5D57C /* Project object */ = {
			isa = PBXProject;
			attributes = {
				BuildIndependentTargetsInParallel = 1;
				LastSwiftUpdateCheck = 1520;
				LastUpgradeCheck = 1520;
				TargetAttributes = {
					CAE284C32BB2F09400A5D57C = {
						CreatedOnToolsVersion = 15.2;
					};
				};
			};
			buildConfigurationList = CAE284BF2BB2F09400A5D57C /* Build configuration list for PBXProject "MessageCursoViewCode" */;
			compatibilityVersion = "Xcode 14.0";
			developmentRegion = en;
			hasScannedForEncodings = 0;
			knownRegions = (
				en,
				Base,
			);
			mainGroup = CAE284BB2BB2F09400A5D57C;
			productRefGroup = CAE284C52BB2F09400A5D57C /* Products */;
			projectDirPath = "";
			projectRoot = "";
			targets = (
				CAE284C32BB2F09400A5D57C /* MessageCursoViewCode */,
			);
		};
/* End PBXProject section */

/* Begin PBXResourcesBuildPhase section */
		CAE284C22BB2F09400A5D57C /* Resources */ = {
			isa = PBXResourcesBuildPhase;
			buildActionMask = 2147483647;
			files = (
				CAE284D42BB2F09500A5D57C /* LaunchScreen.storyboard in Resources */,
				CAE284D12BB2F09500A5D57C /* Assets.xcassets in Resources */,
				CA14BCA62BB3012900299BE8 /* GoogleService-Info.plist in Resources */,
				CA4911992BB47DBB006C4A83 /* Poppins-SemiBold.ttf in Resources */,
				CA4911972BB47DBB006C4A83 /* Poppins-Bold.ttf in Resources */,
				CA4911982BB47DBB006C4A83 /* Poppins-Medium.ttf in Resources */,
			);
			runOnlyForDeploymentPostprocessing = 0;
		};
/* End PBXResourcesBuildPhase section */

/* Begin PBXShellScriptBuildPhase section */
		6B22121E2EF202535DD1C095 /* [CP] Check Pods Manifest.lock */ = {
			isa = PBXShellScriptBuildPhase;
			buildActionMask = 2147483647;
			files = (
			);
			inputFileListPaths = (
			);
			inputPaths = (
				"${PODS_PODFILE_DIR_PATH}/Podfile.lock",
				"${PODS_ROOT}/Manifest.lock",
			);
			name = "[CP] Check Pods Manifest.lock";
			outputFileListPaths = (
			);
			outputPaths = (
				"$(DERIVED_FILE_DIR)/Pods-MessageCursoViewCode-checkManifestLockResult.txt",
			);
			runOnlyForDeploymentPostprocessing = 0;
			shellPath = /bin/sh;
			shellScript = "diff \"${PODS_PODFILE_DIR_PATH}/Podfile.lock\" \"${PODS_ROOT}/Manifest.lock\" > /dev/null\nif [ $? != 0 ] ; then\n    # print error to STDERR\n    echo \"error: The sandbox is not in sync with the Podfile.lock. Run 'pod install' or update your CocoaPods installation.\" >&2\n    exit 1\nfi\n# This output is used by Xcode 'outputs' to avoid re-running this script phase.\necho \"SUCCESS\" > \"${SCRIPT_OUTPUT_FILE_0}\"\n";
			showEnvVarsInLog = 0;
		};
		97C7EFFA4FF1F5948217168C /* [CP] Embed Pods Frameworks */ = {
			isa = PBXShellScriptBuildPhase;
			buildActionMask = 2147483647;
			files = (
			);
			inputFileListPaths = (
				"${PODS_ROOT}/Target Support Files/Pods-MessageCursoViewCode/Pods-MessageCursoViewCode-frameworks-${CONFIGURATION}-input-files.xcfilelist",
			);
			name = "[CP] Embed Pods Frameworks";
			outputFileListPaths = (
				"${PODS_ROOT}/Target Support Files/Pods-MessageCursoViewCode/Pods-MessageCursoViewCode-frameworks-${CONFIGURATION}-output-files.xcfilelist",
			);
			runOnlyForDeploymentPostprocessing = 0;
			shellPath = /bin/sh;
			shellScript = "\"${PODS_ROOT}/Target Support Files/Pods-MessageCursoViewCode/Pods-MessageCursoViewCode-frameworks.sh\"\n";
			showEnvVarsInLog = 0;
		};
/* End PBXShellScriptBuildPhase section */

/* Begin PBXSourcesBuildPhase section */
		CAE284C02BB2F09400A5D57C /* Sources */ = {
			isa = PBXSourcesBuildPhase;
			buildActionMask = 2147483647;
			files = (
				CAE284E62BB2F0D300A5D57C /* RegisterScreen.swift in Sources */,
				CAE284E72BB2F0D300A5D57C /* RegisterViewController.swift in Sources */,
				CA49118C2BB478DE006C4A83 /* Extension+UIView.swift in Sources */,
				CAE284E42BB2F0D300A5D57C /* LoginScreen.swift in Sources */,
				CAE284C82BB2F09400A5D57C /* AppDelegate.swift in Sources */,
				CA49118E2BB4797F006C4A83 /* Custom.swift in Sources */,
				CA4911A32BB48D2F006C4A83 /* NavView.swift in Sources */,
				CA4911A02BB48C89006C4A83 /* HomeScreen.swift in Sources */,
				CAE284E52BB2F0D300A5D57C /* LoginViewController.swift in Sources */,
				CA4911922BB47BED006C4A83 /* Extension+String.swift in Sources */,
				CAE284CA2BB2F09400A5D57C /* SceneDelegate.swift in Sources */,
				CAE284EA2BB2F23500A5D57C /* Alert.swift in Sources */,
				CA4911902BB47AFD006C4A83 /* Extension+Button.swift in Sources */,
				CA49119D2BB4894C006C4A83 /* HomeViewController.swift in Sources */,
			);
			runOnlyForDeploymentPostprocessing = 0;
		};
/* End PBXSourcesBuildPhase section */

/* Begin PBXVariantGroup section */
		CAE284D22BB2F09500A5D57C /* LaunchScreen.storyboard */ = {
			isa = PBXVariantGroup;
			children = (
				CAE284D32BB2F09500A5D57C /* Base */,
			);
			name = LaunchScreen.storyboard;
			sourceTree = "<group>";
		};
/* End PBXVariantGroup section */

/* Begin XCBuildConfiguration section */
		CAE284D62BB2F09500A5D57C /* Debug */ = {
			isa = XCBuildConfiguration;
			buildSettings = {
				ALWAYS_SEARCH_USER_PATHS = NO;
				ASSETCATALOG_COMPILER_GENERATE_SWIFT_ASSET_SYMBOL_EXTENSIONS = YES;
				CLANG_ANALYZER_NONNULL = YES;
				CLANG_ANALYZER_NUMBER_OBJECT_CONVERSION = YES_AGGRESSIVE;
				CLANG_CXX_LANGUAGE_STANDARD = "gnu++20";
				CLANG_ENABLE_MODULES = YES;
				CLANG_ENABLE_OBJC_ARC = YES;
				CLANG_ENABLE_OBJC_WEAK = YES;
				CLANG_WARN_BLOCK_CAPTURE_AUTORELEASING = YES;
				CLANG_WARN_BOOL_CONVERSION = YES;
				CLANG_WARN_COMMA = YES;
				CLANG_WARN_CONSTANT_CONVERSION = YES;
				CLANG_WARN_DEPRECATED_OBJC_IMPLEMENTATIONS = YES;
				CLANG_WARN_DIRECT_OBJC_ISA_USAGE = YES_ERROR;
				CLANG_WARN_DOCUMENTATION_COMMENTS = YES;
				CLANG_WARN_EMPTY_BODY = YES;
				CLANG_WARN_ENUM_CONVERSION = YES;
				CLANG_WARN_INFINITE_RECURSION = YES;
				CLANG_WARN_INT_CONVERSION = YES;
				CLANG_WARN_NON_LITERAL_NULL_CONVERSION = YES;
				CLANG_WARN_OBJC_IMPLICIT_RETAIN_SELF = YES;
				CLANG_WARN_OBJC_LITERAL_CONVERSION = YES;
				CLANG_WARN_OBJC_ROOT_CLASS = YES_ERROR;
				CLANG_WARN_QUOTED_INCLUDE_IN_FRAMEWORK_HEADER = YES;
				CLANG_WARN_RANGE_LOOP_ANALYSIS = YES;
				CLANG_WARN_STRICT_PROTOTYPES = YES;
				CLANG_WARN_SUSPICIOUS_MOVE = YES;
				CLANG_WARN_UNGUARDED_AVAILABILITY = YES_AGGRESSIVE;
				CLANG_WARN_UNREACHABLE_CODE = YES;
				CLANG_WARN__DUPLICATE_METHOD_MATCH = YES;
				COPY_PHASE_STRIP = NO;
				DEBUG_INFORMATION_FORMAT = dwarf;
				ENABLE_STRICT_OBJC_MSGSEND = YES;
				ENABLE_TESTABILITY = YES;
				ENABLE_USER_SCRIPT_SANDBOXING = NO;
				GCC_C_LANGUAGE_STANDARD = gnu17;
				GCC_DYNAMIC_NO_PIC = NO;
				GCC_NO_COMMON_BLOCKS = YES;
				GCC_OPTIMIZATION_LEVEL = 0;
				GCC_PREPROCESSOR_DEFINITIONS = (
					"DEBUG=1",
					"$(inherited)",
				);
				GCC_WARN_64_TO_32_BIT_CONVERSION = YES;
				GCC_WARN_ABOUT_RETURN_TYPE = YES_ERROR;
				GCC_WARN_UNDECLARED_SELECTOR = YES;
				GCC_WARN_UNINITIALIZED_AUTOS = YES_AGGRESSIVE;
				GCC_WARN_UNUSED_FUNCTION = YES;
				GCC_WARN_UNUSED_VARIABLE = YES;
				IPHONEOS_DEPLOYMENT_TARGET = 17.2;
				LOCALIZATION_PREFERS_STRING_CATALOGS = YES;
				MTL_ENABLE_DEBUG_INFO = INCLUDE_SOURCE;
				MTL_FAST_MATH = YES;
				ONLY_ACTIVE_ARCH = YES;
				SDKROOT = iphoneos;
				SWIFT_ACTIVE_COMPILATION_CONDITIONS = "DEBUG $(inherited)";
				SWIFT_OPTIMIZATION_LEVEL = "-Onone";
			};
			name = Debug;
		};
		CAE284D72BB2F09500A5D57C /* Release */ = {
			isa = XCBuildConfiguration;
			buildSettings = {
				ALWAYS_SEARCH_USER_PATHS = NO;
				ASSETCATALOG_COMPILER_GENERATE_SWIFT_ASSET_SYMBOL_EXTENSIONS = YES;
				CLANG_ANALYZER_NONNULL = YES;
				CLANG_ANALYZER_NUMBER_OBJECT_CONVERSION = YES_AGGRESSIVE;
				CLANG_CXX_LANGUAGE_STANDARD = "gnu++20";
				CLANG_ENABLE_MODULES = YES;
				CLANG_ENABLE_OBJC_ARC = YES;
				CLANG_ENABLE_OBJC_WEAK = YES;
				CLANG_WARN_BLOCK_CAPTURE_AUTORELEASING = YES;
				CLANG_WARN_BOOL_CONVERSION = YES;
				CLANG_WARN_COMMA = YES;
				CLANG_WARN_CONSTANT_CONVERSION = YES;
				CLANG_WARN_DEPRECATED_OBJC_IMPLEMENTATIONS = YES;
				CLANG_WARN_DIRECT_OBJC_ISA_USAGE = YES_ERROR;
				CLANG_WARN_DOCUMENTATION_COMMENTS = YES;
				CLANG_WARN_EMPTY_BODY = YES;
				CLANG_WARN_ENUM_CONVERSION = YES;
				CLANG_WARN_INFINITE_RECURSION = YES;
				CLANG_WARN_INT_CONVERSION = YES;
				CLANG_WARN_NON_LITERAL_NULL_CONVERSION = YES;
				CLANG_WARN_OBJC_IMPLICIT_RETAIN_SELF = YES;
				CLANG_WARN_OBJC_LITERAL_CONVERSION = YES;
				CLANG_WARN_OBJC_ROOT_CLASS = YES_ERROR;
				CLANG_WARN_QUOTED_INCLUDE_IN_FRAMEWORK_HEADER = YES;
				CLANG_WARN_RANGE_LOOP_ANALYSIS = YES;
				CLANG_WARN_STRICT_PROTOTYPES = YES;
				CLANG_WARN_SUSPICIOUS_MOVE = YES;
				CLANG_WARN_UNGUARDED_AVAILABILITY = YES_AGGRESSIVE;
				CLANG_WARN_UNREACHABLE_CODE = YES;
				CLANG_WARN__DUPLICATE_METHOD_MATCH = YES;
				COPY_PHASE_STRIP = NO;
				DEBUG_INFORMATION_FORMAT = "dwarf-with-dsym";
				ENABLE_NS_ASSERTIONS = NO;
				ENABLE_STRICT_OBJC_MSGSEND = YES;
				ENABLE_USER_SCRIPT_SANDBOXING = NO;
				GCC_C_LANGUAGE_STANDARD = gnu17;
				GCC_NO_COMMON_BLOCKS = YES;
				GCC_WARN_64_TO_32_BIT_CONVERSION = YES;
				GCC_WARN_ABOUT_RETURN_TYPE = YES_ERROR;
				GCC_WARN_UNDECLARED_SELECTOR = YES;
				GCC_WARN_UNINITIALIZED_AUTOS = YES_AGGRESSIVE;
				GCC_WARN_UNUSED_FUNCTION = YES;
				GCC_WARN_UNUSED_VARIABLE = YES;
				IPHONEOS_DEPLOYMENT_TARGET = 17.2;
				LOCALIZATION_PREFERS_STRING_CATALOGS = YES;
				MTL_ENABLE_DEBUG_INFO = NO;
				MTL_FAST_MATH = YES;
				SDKROOT = iphoneos;
				SWIFT_COMPILATION_MODE = wholemodule;
				VALIDATE_PRODUCT = YES;
			};
			name = Release;
		};
		CAE284D92BB2F09500A5D57C /* Debug */ = {
			isa = XCBuildConfiguration;
			baseConfigurationReference = F2BE6CFCFF0423CDA0B7680F /* Pods-MessageCursoViewCode.debug.xcconfig */;
			buildSettings = {
				ASSETCATALOG_COMPILER_APPICON_NAME = AppIcon;
				ASSETCATALOG_COMPILER_GLOBAL_ACCENT_COLOR_NAME = AccentColor;
				CODE_SIGN_STYLE = Automatic;
				CURRENT_PROJECT_VERSION = 1;
				DEVELOPMENT_TEAM = PVS74PN984;
				GENERATE_INFOPLIST_FILE = YES;
				INFOPLIST_FILE = MessageCursoViewCode/Info.plist;
				INFOPLIST_KEY_UIApplicationSupportsIndirectInputEvents = YES;
				INFOPLIST_KEY_UILaunchStoryboardName = LaunchScreen;
				INFOPLIST_KEY_UISupportedInterfaceOrientations_iPad = "UIInterfaceOrientationPortrait UIInterfaceOrientationPortraitUpsideDown UIInterfaceOrientationLandscapeLeft UIInterfaceOrientationLandscapeRight";
				INFOPLIST_KEY_UISupportedInterfaceOrientations_iPhone = "UIInterfaceOrientationPortrait UIInterfaceOrientationLandscapeLeft UIInterfaceOrientationLandscapeRight";
				LD_RUNPATH_SEARCH_PATHS = (
					"$(inherited)",
					"@executable_path/Frameworks",
				);
				MARKETING_VERSION = 1.0;
				PRODUCT_BUNDLE_IDENTIFIER = com.example.MessageCursoViewCode;
				PRODUCT_NAME = "$(TARGET_NAME)";
				SUPPORTED_PLATFORMS = "iphoneos iphonesimulator";
				SUPPORTS_MACCATALYST = NO;
				SUPPORTS_MAC_DESIGNED_FOR_IPHONE_IPAD = NO;
				SUPPORTS_XR_DESIGNED_FOR_IPHONE_IPAD = NO;
				SWIFT_EMIT_LOC_STRINGS = YES;
				SWIFT_VERSION = 5.0;
				TARGETED_DEVICE_FAMILY = 1;
			};
			name = Debug;
		};
		CAE284DA2BB2F09500A5D57C /* Release */ = {
			isa = XCBuildConfiguration;
			baseConfigurationReference = 31B39C58E7EB2B183334113C /* Pods-MessageCursoViewCode.release.xcconfig */;
			buildSettings = {
				ASSETCATALOG_COMPILER_APPICON_NAME = AppIcon;
				ASSETCATALOG_COMPILER_GLOBAL_ACCENT_COLOR_NAME = AccentColor;
				CODE_SIGN_STYLE = Automatic;
				CURRENT_PROJECT_VERSION = 1;
				DEVELOPMENT_TEAM = PVS74PN984;
				GENERATE_INFOPLIST_FILE = YES;
				INFOPLIST_FILE = MessageCursoViewCode/Info.plist;
				INFOPLIST_KEY_UIApplicationSupportsIndirectInputEvents = YES;
				INFOPLIST_KEY_UILaunchStoryboardName = LaunchScreen;
				INFOPLIST_KEY_UISupportedInterfaceOrientations_iPad = "UIInterfaceOrientationPortrait UIInterfaceOrientationPortraitUpsideDown UIInterfaceOrientationLandscapeLeft UIInterfaceOrientationLandscapeRight";
				INFOPLIST_KEY_UISupportedInterfaceOrientations_iPhone = "UIInterfaceOrientationPortrait UIInterfaceOrientationLandscapeLeft UIInterfaceOrientationLandscapeRight";
				LD_RUNPATH_SEARCH_PATHS = (
					"$(inherited)",
					"@executable_path/Frameworks",
				);
				MARKETING_VERSION = 1.0;
				PRODUCT_BUNDLE_IDENTIFIER = com.example.MessageCursoViewCode;
				PRODUCT_NAME = "$(TARGET_NAME)";
				SUPPORTED_PLATFORMS = "iphoneos iphonesimulator";
				SUPPORTS_MACCATALYST = NO;
				SUPPORTS_MAC_DESIGNED_FOR_IPHONE_IPAD = NO;
				SUPPORTS_XR_DESIGNED_FOR_IPHONE_IPAD = NO;
				SWIFT_EMIT_LOC_STRINGS = YES;
				SWIFT_VERSION = 5.0;
				TARGETED_DEVICE_FAMILY = 1;
			};
			name = Release;
		};
/* End XCBuildConfiguration section */

/* Begin XCConfigurationList section */
		CAE284BF2BB2F09400A5D57C /* Build configuration list for PBXProject "MessageCursoViewCode" */ = {
			isa = XCConfigurationList;
			buildConfigurations = (
				CAE284D62BB2F09500A5D57C /* Debug */,
				CAE284D72BB2F09500A5D57C /* Release */,
			);
			defaultConfigurationIsVisible = 0;
			defaultConfigurationName = Release;
		};
		CAE284D82BB2F09500A5D57C /* Build configuration list for PBXNativeTarget "MessageCursoViewCode" */ = {
			isa = XCConfigurationList;
			buildConfigurations = (
				CAE284D92BB2F09500A5D57C /* Debug */,
				CAE284DA2BB2F09500A5D57C /* Release */,
			);
			defaultConfigurationIsVisible = 0;
			defaultConfigurationName = Release;
		};
/* End XCConfigurationList section */
	};
	rootObject = CAE284BC2BB2F09400A5D57C /* Project object */;
}
